// !$*UTF8*$!
{
	archiveVersion = 1;
	classes = {
	};
	objectVersion = 50;
	objects = {

/* Begin PBXFileReference section */
		C9C8A45723FC231700CE9B86 /* Impact */ = {isa = PBXFileReference; lastKnownFileType = folder; name = Impact; path = /Users/matt/Code/Impact; sourceTree = "<absolute>"; };
/* End PBXFileReference section */

/* Begin PBXGroup section */
		C98FF3BF23FC22E300A78D63 = {
			isa = PBXGroup;
			children = (
				C9C8A45723FC231700CE9B86 /* Impact */,
			);
			sourceTree = "<group>";
		};
/* End PBXGroup section */

/* Begin PBXProject section */
		C98FF3C023FC22E300A78D63 /* Project object */ = {
			isa = PBXProject;
			attributes = {
				LastUpgradeCheck = 1130;
			};
			buildConfigurationList = C98FF3C323FC22E300A78D63 /* Build configuration list for PBXProject "Impact-T" */;
			compatibilityVersion = "Xcode 9.3";
			developmentRegion = en;
			hasScannedForEncodings = 0;
			knownRegions = (
				en,
				Base,
			);
			mainGroup = C98FF3BF23FC22E300A78D63;
			projectDirPath = "";
			projectRoot = "";
			targets = (
			);
		};
/* End PBXProject section */

/* Begin XCBuildConfiguration section */
		C98FF3C423FC22E300A78D63 /* Debug */ = {
			isa = XCBuildConfiguration;
			buildSettings = {
			};
			name = Debug;
		};
		C98FF3C523FC22E300A78D63 /* Release */ = {
			isa = XCBuildConfiguration;
			buildSettings = {
			};
			name = Release;
		};
/* End XCBuildConfiguration section */

/* Begin XCConfigurationList section */
		C98FF3C323FC22E300A78D63 /* Build configuration list for PBXProject "Impact-T" */ = {
			isa = XCConfigurationList;
			buildConfigurations = (
				C98FF3C423FC22E300A78D63 /* Debug */,
				C98FF3C523FC22E300A78D63 /* Release */,
			);
			defaultConfigurationIsVisible = 0;
			defaultConfigurationName = Release;
		};
/* End XCConfigurationList section */
	};
	rootObject = C98FF3C023FC22E300A78D63 /* Project object */;
}
